
Microsoft Visual Studio Solution File, Format Version 12.00
# Visual Studio 15
VisualStudioVersion = 15.0.28010.2050
MinimumVisualStudioVersion = 10.0.40219.1
Project("{FAE04EC0-301F-11D3-BF4B-00C04F79EFBC}") = "BugTrace", "BugTrace\BugTrace.csproj", "{A6A161C1-7A45-43B8-AEB6-F3F61A738ECE}"
EndProject
Global
	GlobalSection(SolutionConfigurationPlatforms) = preSolution
		Debug|Any CPU = Debug|Any CPU
		Release|Any CPU = Release|Any CPU
	EndGlobalSection
	GlobalSection(ProjectConfigurationPlatforms) = postSolution
		{A6A161C1-7A45-43B8-AEB6-F3F61A738ECE}.Debug|Any CPU.ActiveCfg = Debug|Any CPU
		{A6A161C1-7A45-43B8-AEB6-F3F61A738ECE}.Debug|Any CPU.Build.0 = Debug|Any CPU
		{A6A161C1-7A45-43B8-AEB6-F3F61A738ECE}.Release|Any CPU.ActiveCfg = Release|Any CPU
		{A6A161C1-7A45-43B8-AEB6-F3F61A738ECE}.Release|Any CPU.Build.0 = Release|Any CPU
	EndGlobalSection
	GlobalSection(SolutionProperties) = preSolution
		HideSolutionNode = FALSE
	EndGlobalSection
	GlobalSection(ExtensibilityGlobals) = postSolution
		SolutionGuid = {633C78CD-4D74-4122-8728-778A993EFDEB}
	EndGlobalSection
EndGlobal
